PODS:
  - Alamofire (4.4.0)
  - SDWebImage (4.0.0):
    - SDWebImage/Core (= 4.0.0)
  - SDWebImage/Core (4.0.0)
  - SVProgressHUD (2.1.2)
  - YYKit (1.0.9):
    - YYKit/no-arc (= 1.0.9)
  - YYKit/no-arc (1.0.9)

DEPENDENCIES:
  - Alamofire
  - SDWebImage
  - SVProgressHUD
  - YYKit

SPEC CHECKSUMS:
  Alamofire: dc44b1600b800eb63da6a19039a0083d62a6a62d
  SDWebImage: 76a6348bdc74eb5a55dd08a091ef298e56b55e41
  SVProgressHUD: c404a55d78acbeb7ebb78b76d3faf986475a6994
  YYKit: 7cda43304a8dc3696c449041e2cb3107b4e236e7

PODFILE CHECKSUM: ee299f19a8470ba96dd13259544fd5ad43f73646

COCOAPODS: 1.2.0.beta.3
